
Microsoft Visual Studio Solution File, Format Version 12.00
# Visual Studio 15
VisualStudioVersion = 15.0.26124.0
MinimumVisualStudioVersion = 15.0.26124.0
Project("{F2A71F9B-5D33-465A-A702-920D77279786}") = "FsharpToolbox.Pkg.TestUtils", "FsharpToolbox.Pkg.TestUtils\FsharpToolbox.Pkg.TestUtils.fsproj", "{32F455DC-CA6E-4FDB-94F4-7A1193A43920}"
EndProject
Project("{F2A71F9B-5D33-465A-A702-920D77279786}") = "FsharpToolbox.Pkg.TestUtils.Integration", "FsharpToolbox.Pkg.TestUtils.Integration\FsharpToolbox.Pkg.TestUtils.Integration.fsproj", "{079A37EF-2337-4953-AD23-3877C93B2FCB}"
EndProject
Project("{F2A71F9B-5D33-465A-A702-920D77279786}") = "FsharpToolbox.Pkg.TestUtils.Test", "FsharpToolbox.Pkg.TestUtils.Test\FsharpToolbox.Pkg.TestUtils.Test.fsproj", "{3D0DAF37-2C7D-4579-A94E-6B8154D856E6}"
EndProject
Project("{F2A71F9B-5D33-465A-A702-920D77279786}") = "FsharpToolbox.Pkg.TestUtils.Integration.Test", "FsharpToolbox.Pkg.TestUtils.Integration.Test\FsharpToolbox.Pkg.TestUtils.Integration.Test.fsproj", "{B98B9482-835F-401F-B18C-40ED1EF6D5C5}"
EndProject
Global
	GlobalSection(SolutionConfigurationPlatforms) = preSolution
		Debug|Any CPU = Debug|Any CPU
		Debug|x64 = Debug|x64
		Debug|x86 = Debug|x86
		Release|Any CPU = Release|Any CPU
		Release|x64 = Release|x64
		Release|x86 = Release|x86
	EndGlobalSection
	GlobalSection(SolutionProperties) = preSolution
		HideSolutionNode = FALSE
	EndGlobalSection
	GlobalSection(ProjectConfigurationPlatforms) = postSolution
		{32F455DC-CA6E-4FDB-94F4-7A1193A43920}.Debug|Any CPU.ActiveCfg = Debug|Any CPU
		{32F455DC-CA6E-4FDB-94F4-7A1193A43920}.Debug|Any CPU.Build.0 = Debug|Any CPU
		{32F455DC-CA6E-4FDB-94F4-7A1193A43920}.Debug|x64.ActiveCfg = Debug|Any CPU
		{32F455DC-CA6E-4FDB-94F4-7A1193A43920}.Debug|x64.Build.0 = Debug|Any CPU
		{32F455DC-CA6E-4FDB-94F4-7A1193A43920}.Debug|x86.ActiveCfg = Debug|Any CPU
		{32F455DC-CA6E-4FDB-94F4-7A1193A43920}.Debug|x86.Build.0 = Debug|Any CPU
		{32F455DC-CA6E-4FDB-94F4-7A1193A43920}.Release|Any CPU.ActiveCfg = Release|Any CPU
		{32F455DC-CA6E-4FDB-94F4-7A1193A43920}.Release|Any CPU.Build.0 = Release|Any CPU
		{32F455DC-CA6E-4FDB-94F4-7A1193A43920}.Release|x64.ActiveCfg = Release|Any CPU
		{32F455DC-CA6E-4FDB-94F4-7A1193A43920}.Release|x64.Build.0 = Release|Any CPU
		{32F455DC-CA6E-4FDB-94F4-7A1193A43920}.Release|x86.ActiveCfg = Release|Any CPU
		{32F455DC-CA6E-4FDB-94F4-7A1193A43920}.Release|x86.Build.0 = Release|Any CPU
		{079A37EF-2337-4953-AD23-3877C93B2FCB}.Debug|Any CPU.ActiveCfg = Debug|Any CPU
		{079A37EF-2337-4953-AD23-3877C93B2FCB}.Debug|Any CPU.Build.0 = Debug|Any CPU
		{079A37EF-2337-4953-AD23-3877C93B2FCB}.Debug|x64.ActiveCfg = Debug|Any CPU
		{079A37EF-2337-4953-AD23-3877C93B2FCB}.Debug|x64.Build.0 = Debug|Any CPU
		{079A37EF-2337-4953-AD23-3877C93B2FCB}.Debug|x86.ActiveCfg = Debug|Any CPU
		{079A37EF-2337-4953-AD23-3877C93B2FCB}.Debug|x86.Build.0 = Debug|Any CPU
		{079A37EF-2337-4953-AD23-3877C93B2FCB}.Release|Any CPU.ActiveCfg = Release|Any CPU
		{079A37EF-2337-4953-AD23-3877C93B2FCB}.Release|Any CPU.Build.0 = Release|Any CPU
		{079A37EF-2337-4953-AD23-3877C93B2FCB}.Release|x64.ActiveCfg = Release|Any CPU
		{079A37EF-2337-4953-AD23-3877C93B2FCB}.Release|x64.Build.0 = Release|Any CPU
		{079A37EF-2337-4953-AD23-3877C93B2FCB}.Release|x86.ActiveCfg = Release|Any CPU
		{079A37EF-2337-4953-AD23-3877C93B2FCB}.Release|x86.Build.0 = Release|Any CPU
		{3D0DAF37-2C7D-4579-A94E-6B8154D856E6}.Debug|Any CPU.ActiveCfg = Debug|Any CPU
		{3D0DAF37-2C7D-4579-A94E-6B8154D856E6}.Debug|Any CPU.Build.0 = Debug|Any CPU
		{3D0DAF37-2C7D-4579-A94E-6B8154D856E6}.Debug|x64.ActiveCfg = Debug|Any CPU
		{3D0DAF37-2C7D-4579-A94E-6B8154D856E6}.Debug|x64.Build.0 = Debug|Any CPU
		{3D0DAF37-2C7D-4579-A94E-6B8154D856E6}.Debug|x86.ActiveCfg = Debug|Any CPU
		{3D0DAF37-2C7D-4579-A94E-6B8154D856E6}.Debug|x86.Build.0 = Debug|Any CPU
		{3D0DAF37-2C7D-4579-A94E-6B8154D856E6}.Release|Any CPU.ActiveCfg = Release|Any CPU
		{3D0DAF37-2C7D-4579-A94E-6B8154D856E6}.Release|Any CPU.Build.0 = Release|Any CPU
		{3D0DAF37-2C7D-4579-A94E-6B8154D856E6}.Release|x64.ActiveCfg = Release|Any CPU
		{3D0DAF37-2C7D-4579-A94E-6B8154D856E6}.Release|x64.Build.0 = Release|Any CPU
		{3D0DAF37-2C7D-4579-A94E-6B8154D856E6}.Release|x86.ActiveCfg = Release|Any CPU
		{3D0DAF37-2C7D-4579-A94E-6B8154D856E6}.Release|x86.Build.0 = Release|Any CPU
		{B98B9482-835F-401F-B18C-40ED1EF6D5C5}.Debug|Any CPU.ActiveCfg = Debug|Any CPU
		{B98B9482-835F-401F-B18C-40ED1EF6D5C5}.Debug|Any CPU.Build.0 = Debug|Any CPU
		{B98B9482-835F-401F-B18C-40ED1EF6D5C5}.Debug|x64.ActiveCfg = Debug|Any CPU
		{B98B9482-835F-401F-B18C-40ED1EF6D5C5}.Debug|x64.Build.0 = Debug|Any CPU
		{B98B9482-835F-401F-B18C-40ED1EF6D5C5}.Debug|x86.ActiveCfg = Debug|Any CPU
		{B98B9482-835F-401F-B18C-40ED1EF6D5C5}.Debug|x86.Build.0 = Debug|Any CPU
		{B98B9482-835F-401F-B18C-40ED1EF6D5C5}.Release|Any CPU.ActiveCfg = Release|Any CPU
		{B98B9482-835F-401F-B18C-40ED1EF6D5C5}.Release|Any CPU.Build.0 = Release|Any CPU
		{B98B9482-835F-401F-B18C-40ED1EF6D5C5}.Release|x64.ActiveCfg = Release|Any CPU
		{B98B9482-835F-401F-B18C-40ED1EF6D5C5}.Release|x64.Build.0 = Release|Any CPU
		{B98B9482-835F-401F-B18C-40ED1EF6D5C5}.Release|x86.ActiveCfg = Release|Any CPU
		{B98B9482-835F-401F-B18C-40ED1EF6D5C5}.Release|x86.Build.0 = Release|Any CPU
	EndGlobalSection
EndGlobal
